
Microsoft Visual Studio Solution File, Format Version 12.00
# Visual Studio Version 17
VisualStudioVersion = 17.3.32804.467
MinimumVisualStudioVersion = 10.0.40219.1
Project("{FAE04EC0-301F-11D3-BF4B-00C04F79EFBC}") = "class29", "class29\class29.csproj", "{87690E25-EF93-4D98-8FBB-BE726604F180}"
EndProject
Project("{FAE04EC0-301F-11D3-BF4B-00C04F79EFBC}") = "DALLibrary", "DALLibrary\DALLibrary.csproj", "{CF181661-88B9-47C8-843D-7EE6C88112E6}"
EndProject
Global
	GlobalSection(SolutionConfigurationPlatforms) = preSolution
		Debug|Any CPU = Debug|Any CPU
		Release|Any CPU = Release|Any CPU
	EndGlobalSection
	GlobalSection(ProjectConfigurationPlatforms) = postSolution
		{87690E25-EF93-4D98-8FBB-BE726604F180}.Debug|Any CPU.ActiveCfg = Debug|Any CPU
		{87690E25-EF93-4D98-8FBB-BE726604F180}.Debug|Any CPU.Build.0 = Debug|Any CPU
		{87690E25-EF93-4D98-8FBB-BE726604F180}.Release|Any CPU.ActiveCfg = Release|Any CPU
		{87690E25-EF93-4D98-8FBB-BE726604F180}.Release|Any CPU.Build.0 = Release|Any CPU
		{CF181661-88B9-47C8-843D-7EE6C88112E6}.Debug|Any CPU.ActiveCfg = Debug|Any CPU
		{CF181661-88B9-47C8-843D-7EE6C88112E6}.Debug|Any CPU.Build.0 = Debug|Any CPU
		{CF181661-88B9-47C8-843D-7EE6C88112E6}.Release|Any CPU.ActiveCfg = Release|Any CPU
		{CF181661-88B9-47C8-843D-7EE6C88112E6}.Release|Any CPU.Build.0 = Release|Any CPU
	EndGlobalSection
	GlobalSection(SolutionProperties) = preSolution
		HideSolutionNode = FALSE
	EndGlobalSection
	GlobalSection(ExtensibilityGlobals) = postSolution
		SolutionGuid = {1F7E8CB8-B6F2-42AC-85D7-B7DF35453DDA}
	EndGlobalSection
EndGlobal
